// !$*UTF8*$!
{
	archiveVersion = 1;
	classes = {
	};
	objectVersion = 46;
	objects = {

/* Begin PBXBuildFile section */
		889252351A62E21700C7A9C9 /* MysterioView.h in Headers */ = {isa = PBXBuildFile; fileRef = 889252341A62E21700C7A9C9 /* MysterioView.h */; };
		889252371A62E21700C7A9C9 /* MysterioView.m in Sources */ = {isa = PBXBuildFile; fileRef = 889252361A62E21700C7A9C9 /* MysterioView.m */; };
		88FAFBC41A645559000110F7 /* MysterioPixel.h in Headers */ = {isa = PBXBuildFile; fileRef = 88FAFBC21A645559000110F7 /* MysterioPixel.h */; };
		88FAFBC51A645559000110F7 /* MysterioPixel.m in Sources */ = {isa = PBXBuildFile; fileRef = 88FAFBC31A645559000110F7 /* MysterioPixel.m */; };
/* End PBXBuildFile section */

/* Begin PBXFileReference section */
		8892522F1A62E21700C7A9C9 /* Mysterio.saver */ = {isa = PBXFileReference; explicitFileType = wrapper.cfbundle; includeInIndex = 0; path = Mysterio.saver; sourceTree = BUILT_PRODUCTS_DIR; };
		889252331A62E21700C7A9C9 /* Info.plist */ = {isa = PBXFileReference; lastKnownFileType = text.plist.xml; path = Info.plist; sourceTree = "<group>"; };
		889252341A62E21700C7A9C9 /* MysterioView.h */ = {isa = PBXFileReference; lastKnownFileType = sourcecode.c.h; path = MysterioView.h; sourceTree = "<group>"; };
		889252361A62E21700C7A9C9 /* MysterioView.m */ = {isa = PBXFileReference; lastKnownFileType = sourcecode.c.objc; path = MysterioView.m; sourceTree = "<group>"; };
		88FAFBC21A645559000110F7 /* MysterioPixel.h */ = {isa = PBXFileReference; fileEncoding = 4; lastKnownFileType = sourcecode.c.h; path = MysterioPixel.h; sourceTree = "<group>"; };
		88FAFBC31A645559000110F7 /* MysterioPixel.m */ = {isa = PBXFileReference; fileEncoding = 4; lastKnownFileType = sourcecode.c.objc; path = MysterioPixel.m; sourceTree = "<group>"; };
/* End PBXFileReference section */

/* Begin PBXFrameworksBuildPhase section */
		8892522B1A62E21700C7A9C9 /* Frameworks */ = {
			isa = PBXFrameworksBuildPhase;
			buildActionMask = 2147483647;
			files = (
			);
			runOnlyForDeploymentPostprocessing = 0;
		};
/* End PBXFrameworksBuildPhase section */

/* Begin PBXGroup section */
		889252251A62E21700C7A9C9 = {
			isa = PBXGroup;
			children = (
				889252311A62E21700C7A9C9 /* Mysterio */,
				889252301A62E21700C7A9C9 /* Products */,
			);
			sourceTree = "<group>";
		};
		889252301A62E21700C7A9C9 /* Products */ = {
			isa = PBXGroup;
			children = (
				8892522F1A62E21700C7A9C9 /* Mysterio.saver */,
			);
			name = Products;
			sourceTree = "<group>";
		};
		889252311A62E21700C7A9C9 /* Mysterio */ = {
			isa = PBXGroup;
			children = (
				88FAFBC21A645559000110F7 /* MysterioPixel.h */,
				88FAFBC31A645559000110F7 /* MysterioPixel.m */,
				889252341A62E21700C7A9C9 /* MysterioView.h */,
				889252361A62E21700C7A9C9 /* MysterioView.m */,
				889252321A62E21700C7A9C9 /* Supporting Files */,
			);
			path = Mysterio;
			sourceTree = "<group>";
		};
		889252321A62E21700C7A9C9 /* Supporting Files */ = {
			isa = PBXGroup;
			children = (
				889252331A62E21700C7A9C9 /* Info.plist */,
			);
			name = "Supporting Files";
			sourceTree = "<group>";
		};
/* End PBXGroup section */

/* Begin PBXHeadersBuildPhase section */
		8892522C1A62E21700C7A9C9 /* Headers */ = {
			isa = PBXHeadersBuildPhase;
			buildActionMask = 2147483647;
			files = (
				889252351A62E21700C7A9C9 /* MysterioView.h in Headers */,
				88FAFBC41A645559000110F7 /* MysterioPixel.h in Headers */,
			);
			runOnlyForDeploymentPostprocessing = 0;
		};
/* End PBXHeadersBuildPhase section */

/* Begin PBXNativeTarget section */
		8892522E1A62E21700C7A9C9 /* Mysterio */ = {
			isa = PBXNativeTarget;
			buildConfigurationList = 8892523A1A62E21700C7A9C9 /* Build configuration list for PBXNativeTarget "Mysterio" */;
			buildPhases = (
				8892522A1A62E21700C7A9C9 /* Sources */,
				8892522B1A62E21700C7A9C9 /* Frameworks */,
				8892522C1A62E21700C7A9C9 /* Headers */,
				8892522D1A62E21700C7A9C9 /* Resources */,
			);
			buildRules = (
			);
			dependencies = (
			);
			name = Mysterio;
			productName = Mysterio;
			productReference = 8892522F1A62E21700C7A9C9 /* Mysterio.saver */;
			productType = "com.apple.product-type.bundle";
		};
/* End PBXNativeTarget section */

/* Begin PBXProject section */
		889252261A62E21700C7A9C9 /* Project object */ = {
			isa = PBXProject;
			attributes = {
				LastUpgradeCheck = 0610;
				ORGANIZATIONNAME = "Henrik Brix Andersen";
				TargetAttributes = {
					8892522E1A62E21700C7A9C9 = {
						CreatedOnToolsVersion = 6.1.1;
					};
				};
			};
			buildConfigurationList = 889252291A62E21700C7A9C9 /* Build configuration list for PBXProject "Mysterio" */;
			compatibilityVersion = "Xcode 3.2";
			developmentRegion = English;
			hasScannedForEncodings = 0;
			knownRegions = (
				en,
			);
			mainGroup = 889252251A62E21700C7A9C9;
			productRefGroup = 889252301A62E21700C7A9C9 /* Products */;
			projectDirPath = "";
			projectRoot = "";
			targets = (
				8892522E1A62E21700C7A9C9 /* Mysterio */,
			);
		};
/* End PBXProject section */

/* Begin PBXResourcesBuildPhase section */
		8892522D1A62E21700C7A9C9 /* Resources */ = {
			isa = PBXResourcesBuildPhase;
			buildActionMask = 2147483647;
			files = (
			);
			runOnlyForDeploymentPostprocessing = 0;
		};
/* End PBXResourcesBuildPhase section */

/* Begin PBXSourcesBuildPhase section */
		8892522A1A62E21700C7A9C9 /* Sources */ = {
			isa = PBXSourcesBuildPhase;
			buildActionMask = 2147483647;
			files = (
				88FAFBC51A645559000110F7 /* MysterioPixel.m in Sources */,
				889252371A62E21700C7A9C9 /* MysterioView.m in Sources */,
			);
			runOnlyForDeploymentPostprocessing = 0;
		};
/* End PBXSourcesBuildPhase section */

/* Begin XCBuildConfiguration section */
		889252381A62E21700C7A9C9 /* Debug */ = {
			isa = XCBuildConfiguration;
			buildSettings = {
				ALWAYS_SEARCH_USER_PATHS = NO;
				CLANG_CXX_LANGUAGE_STANDARD = "gnu++0x";
				CLANG_CXX_LIBRARY = "libc++";
				CLANG_ENABLE_MODULES = YES;
				CLANG_ENABLE_OBJC_ARC = YES;
				CLANG_WARN_BOOL_CONVERSION = YES;
				CLANG_WARN_CONSTANT_CONVERSION = YES;
				CLANG_WARN_DIRECT_OBJC_ISA_USAGE = YES_ERROR;
				CLANG_WARN_EMPTY_BODY = YES;
				CLANG_WARN_ENUM_CONVERSION = YES;
				CLANG_WARN_INT_CONVERSION = YES;
				CLANG_WARN_OBJC_ROOT_CLASS = YES_ERROR;
				CLANG_WARN_UNREACHABLE_CODE = YES;
				CLANG_WARN__DUPLICATE_METHOD_MATCH = YES;
				COPY_PHASE_STRIP = NO;
				ENABLE_STRICT_OBJC_MSGSEND = YES;
				GCC_C_LANGUAGE_STANDARD = gnu99;
				GCC_DYNAMIC_NO_PIC = NO;
				GCC_OPTIMIZATION_LEVEL = 0;
				GCC_PREPROCESSOR_DEFINITIONS = (
					"DEBUG=1",
					"$(inherited)",
				);
				GCC_SYMBOLS_PRIVATE_EXTERN = NO;
				GCC_WARN_64_TO_32_BIT_CONVERSION = YES;
				GCC_WARN_ABOUT_RETURN_TYPE = YES_ERROR;
				GCC_WARN_UNDECLARED_SELECTOR = YES;
				GCC_WARN_UNINITIALIZED_AUTOS = YES_AGGRESSIVE;
				GCC_WARN_UNUSED_FUNCTION = YES;
				GCC_WARN_UNUSED_VARIABLE = YES;
				MACOSX_DEPLOYMENT_TARGET = 10.10;
				MTL_ENABLE_DEBUG_INFO = YES;
				ONLY_ACTIVE_ARCH = YES;
				SDKROOT = macosx;
			};
			name = Debug;
		};
		889252391A62E21700C7A9C9 /* Release */ = {
			isa = XCBuildConfiguration;
			buildSettings = {
				ALWAYS_SEARCH_USER_PATHS = NO;
				CLANG_CXX_LANGUAGE_STANDARD = "gnu++0x";
				CLANG_CXX_LIBRARY = "libc++";
				CLANG_ENABLE_MODULES = YES;
				CLANG_ENABLE_OBJC_ARC = YES;
				CLANG_WARN_BOOL_CONVERSION = YES;
				CLANG_WARN_CONSTANT_CONVERSION = YES;
				CLANG_WARN_DIRECT_OBJC_ISA_USAGE = YES_ERROR;
				CLANG_WARN_EMPTY_BODY = YES;
				CLANG_WARN_ENUM_CONVERSION = YES;
				CLANG_WARN_INT_CONVERSION = YES;
				CLANG_WARN_OBJC_ROOT_CLASS = YES_ERROR;
				CLANG_WARN_UNREACHABLE_CODE = YES;
				CLANG_WARN__DUPLICATE_METHOD_MATCH = YES;
				COPY_PHASE_STRIP = YES;
				DEBUG_INFORMATION_FORMAT = "dwarf-with-dsym";
				ENABLE_NS_ASSERTIONS = NO;
				ENABLE_STRICT_OBJC_MSGSEND = YES;
				GCC_C_LANGUAGE_STANDARD = gnu99;
				GCC_WARN_64_TO_32_BIT_CONVERSION = YES;
				GCC_WARN_ABOUT_RETURN_TYPE = YES_ERROR;
				GCC_WARN_UNDECLARED_SELECTOR = YES;
				GCC_WARN_UNINITIALIZED_AUTOS = YES_AGGRESSIVE;
				GCC_WARN_UNUSED_FUNCTION = YES;
				GCC_WARN_UNUSED_VARIABLE = YES;
				MACOSX_DEPLOYMENT_TARGET = 10.10;
				MTL_ENABLE_DEBUG_INFO = NO;
				SDKROOT = macosx;
			};
			name = Release;
		};
		8892523B1A62E21700C7A9C9 /* Debug */ = {
			isa = XCBuildConfiguration;
			buildSettings = {
				COMBINE_HIDPI_IMAGES = YES;
				INFOPLIST_FILE = Mysterio/Info.plist;
				INSTALL_PATH = "$(HOME)/Library/Screen Savers";
				PRODUCT_NAME = "$(TARGET_NAME)";
				WRAPPER_EXTENSION = saver;
			};
			name = Debug;
		};
		8892523C1A62E21700C7A9C9 /* Release */ = {
			isa = XCBuildConfiguration;
			buildSettings = {
				COMBINE_HIDPI_IMAGES = YES;
				INFOPLIST_FILE = Mysterio/Info.plist;
				INSTALL_PATH = "$(HOME)/Library/Screen Savers";
				PRODUCT_NAME = "$(TARGET_NAME)";
				WRAPPER_EXTENSION = saver;
			};
			name = Release;
		};
/* End XCBuildConfiguration section */

/* Begin XCConfigurationList section */
		889252291A62E21700C7A9C9 /* Build configuration list for PBXProject "Mysterio" */ = {
			isa = XCConfigurationList;
			buildConfigurations = (
				889252381A62E21700C7A9C9 /* Debug */,
				889252391A62E21700C7A9C9 /* Release */,
			);
			defaultConfigurationIsVisible = 0;
			defaultConfigurationName = Release;
		};
		8892523A1A62E21700C7A9C9 /* Build configuration list for PBXNativeTarget "Mysterio" */ = {
			isa = XCConfigurationList;
			buildConfigurations = (
				8892523B1A62E21700C7A9C9 /* Debug */,
				8892523C1A62E21700C7A9C9 /* Release */,
			);
			defaultConfigurationIsVisible = 0;
			defaultConfigurationName = Release;
		};
/* End XCConfigurationList section */
	};
	rootObject = 889252261A62E21700C7A9C9 /* Project object */;
}
